{
  "name": "@vtex-challenge/catalog-consolidation",
  "version": "0.1.0",
  "lockfileVersion": 3,
  "requires": true,
  "packages": {
    "": {
      "name": "@vtex-challenge/catalog-consolidation",
      "version": "0.1.0",
      "bin": {
        "catalog-consolidate": "src/cli.ts"
      }
    }
  }
}
